
Microsoft Visual Studio Solution File, Format Version 12.00
# Visual Studio Version 17
VisualStudioVersion = 17.8.34330.188
MinimumVisualStudioVersion = 10.0.40219.1
Project("{9A19103F-16F7-4668-BE54-9A1E7A4F7556}") = "PetTracking", "PetTracking\PetTracking.csproj", "{5666929D-8BAD-4058-8887-D10F1FA46A92}"
EndProject
Project("{FAE04EC0-301F-11D3-BF4B-00C04F79EFBC}") = "PetTracking.Tests", "PetTracking.Tests\PetTracking.Tests.csproj", "{0433C42B-5A9F-4B6A-BBAF-3A870E28ED39}"
EndProject
Global
	GlobalSection(SolutionConfigurationPlatforms) = preSolution
		Debug|Any CPU = Debug|Any CPU
		Release|Any CPU = Release|Any CPU
	EndGlobalSection
	GlobalSection(ProjectConfigurationPlatforms) = postSolution
		{5666929D-8BAD-4058-8887-D10F1FA46A92}.Debug|Any CPU.ActiveCfg = Debug|Any CPU
		{5666929D-8BAD-4058-8887-D10F1FA46A92}.Debug|Any CPU.Build.0 = Debug|Any CPU
		{5666929D-8BAD-4058-8887-D10F1FA46A92}.Release|Any CPU.ActiveCfg = Release|Any CPU
		{5666929D-8BAD-4058-8887-D10F1FA46A92}.Release|Any CPU.Build.0 = Release|Any CPU
		{0433C42B-5A9F-4B6A-BBAF-3A870E28ED39}.Debug|Any CPU.ActiveCfg = Debug|Any CPU
		{0433C42B-5A9F-4B6A-BBAF-3A870E28ED39}.Debug|Any CPU.Build.0 = Debug|Any CPU
		{0433C42B-5A9F-4B6A-BBAF-3A870E28ED39}.Release|Any CPU.ActiveCfg = Release|Any CPU
		{0433C42B-5A9F-4B6A-BBAF-3A870E28ED39}.Release|Any CPU.Build.0 = Release|Any CPU
	EndGlobalSection
	GlobalSection(SolutionProperties) = preSolution
		HideSolutionNode = FALSE
	EndGlobalSection
	GlobalSection(ExtensibilityGlobals) = postSolution
		SolutionGuid = {A4C339D4-5336-4966-8DB7-5A0A3E1F3E1D}
	EndGlobalSection
EndGlobal
